{
  "object": {
    "pins": [
      {
        "package": "Heartable",
        "repositoryURL": "https://github.com/heartable/Heartable.git",
        "state": {
          "branch": null,
          "revision": "df26fb47f38f81fc1de0747fdfcf8ac34f8183ae",
          "version": "0.0.16"
        }
      }
    ]
  },
  "version": 1
}
