{
  "object": {
    "pins": [
      {
        "package": "Heartable",
        "repositoryURL": "https://github.com/heartable/Heartable.git",
        "state": {
          "branch": null,
          "revision": "07851d93c1bf363a61e6a6a0ca2a5265bf7eb725",
          "version": "0.0.10"
        }
      }
    ]
  },
  "version": 1
}
